// !$*UTF8*$!
{
	archiveVersion = 1;
	classes = {
	};
	objectVersion = 56;
	objects = {

/* Begin PBXBuildFile section */
		C67001882A45025900530355 /* SharedUI.docc in Sources */ = {isa = PBXBuildFile; fileRef = C67001872A45025900530355 /* SharedUI.docc */; };
		C670018E2A45025A00530355 /* SharedUI.framework in Frameworks */ = {isa = PBXBuildFile; fileRef = C67001832A45025900530355 /* SharedUI.framework */; };
		C67001932A45025A00530355 /* SharedUITests.swift in Sources */ = {isa = PBXBuildFile; fileRef = C67001922A45025A00530355 /* SharedUITests.swift */; };
		C67001942A45025A00530355 /* SharedUI.h in Headers */ = {isa = PBXBuildFile; fileRef = C67001862A45025900530355 /* SharedUI.h */; settings = {ATTRIBUTES = (Public, ); }; };
		C67B97DC2A4C7FD8005B90E1 /* Fonts.swift in Sources */ = {isa = PBXBuildFile; fileRef = C67B97DB2A4C7FD8005B90E1 /* Fonts.swift */; };
		C67B97E02A4C8BE5005B90E1 /* Colors.swift in Sources */ = {isa = PBXBuildFile; fileRef = C67B97DF2A4C8BE5005B90E1 /* Colors.swift */; };
		C67B97E22A4C8CA2005B90E1 /* Assets.xcassets in Resources */ = {isa = PBXBuildFile; fileRef = C67B97E12A4C8CA2005B90E1 /* Assets.xcassets */; };
		C68E60F52A4B708400437E01 /* UIView+Extension.swift in Sources */ = {isa = PBXBuildFile; fileRef = C68E60F42A4B708400437E01 /* UIView+Extension.swift */; };
		C68E60F72A4B70C400437E01 /* UILabel+Extension.swift in Sources */ = {isa = PBXBuildFile; fileRef = C68E60F62A4B70C400437E01 /* UILabel+Extension.swift */; };
		C68E60F92A4B70FF00437E01 /* UIImageView+Extension.swift in Sources */ = {isa = PBXBuildFile; fileRef = C68E60F82A4B70FF00437E01 /* UIImageView+Extension.swift */; };
		C68E60FC2A4B76DE00437E01 /* Kingfisher in Frameworks */ = {isa = PBXBuildFile; productRef = C68E60FB2A4B76DE00437E01 /* Kingfisher */; };
		C68E60FE2A4B7A9600437E01 /* UITextField+Extension.swift in Sources */ = {isa = PBXBuildFile; fileRef = C68E60FD2A4B7A9600437E01 /* UITextField+Extension.swift */; };
		C68E61002A4B7ABA00437E01 /* UICollectionView+ReusableCell.swift in Sources */ = {isa = PBXBuildFile; fileRef = C68E60FF2A4B7ABA00437E01 /* UICollectionView+ReusableCell.swift */; };
		C68E61022A4B7ADE00437E01 /* ReusableCell.swift in Sources */ = {isa = PBXBuildFile; fileRef = C68E61012A4B7ADE00437E01 /* ReusableCell.swift */; };
		C68E61042A4B7B0700437E01 /* UIColor+Extension.swift in Sources */ = {isa = PBXBuildFile; fileRef = C68E61032A4B7B0700437E01 /* UIColor+Extension.swift */; };
		C68E61062A4B7B2900437E01 /* Extension+UIViewController.swift in Sources */ = {isa = PBXBuildFile; fileRef = C68E61052A4B7B2900437E01 /* Extension+UIViewController.swift */; };
		C68E61352A4B82E300437E01 /* SF-Pro-Display-RegularItalic.otf in Resources */ = {isa = PBXBuildFile; fileRef = C68E61232A4B82DF00437E01 /* SF-Pro-Display-RegularItalic.otf */; };
		C68E61362A4B82E300437E01 /* SF-Pro-Display-LightItalic.otf in Resources */ = {isa = PBXBuildFile; fileRef = C68E61242A4B82DF00437E01 /* SF-Pro-Display-LightItalic.otf */; };
		C68E61372A4B82E300437E01 /* SF-Pro-Display-BoldItalic.otf in Resources */ = {isa = PBXBuildFile; fileRef = C68E61252A4B82DF00437E01 /* SF-Pro-Display-BoldItalic.otf */; };
		C68E61382A4B82E300437E01 /* SF-Pro-Display-Bold.otf in Resources */ = {isa = PBXBuildFile; fileRef = C68E61262A4B82DF00437E01 /* SF-Pro-Display-Bold.otf */; };
		C68E61392A4B82E300437E01 /* SF-Pro-Display-MediumItalic.otf in Resources */ = {isa = PBXBuildFile; fileRef = C68E61272A4B82E000437E01 /* SF-Pro-Display-MediumItalic.otf */; };
		C68E613A2A4B82E300437E01 /* SF-Pro-Display-Light.otf in Resources */ = {isa = PBXBuildFile; fileRef = C68E61282A4B82E000437E01 /* SF-Pro-Display-Light.otf */; };
		C68E613B2A4B82E300437E01 /* SF-Pro-Display-Medium.otf in Resources */ = {isa = PBXBuildFile; fileRef = C68E61292A4B82E000437E01 /* SF-Pro-Display-Medium.otf */; };
		C68E613C2A4B82E300437E01 /* SF-Pro-Display-Semibold.otf in Resources */ = {isa = PBXBuildFile; fileRef = C68E612A2A4B82E100437E01 /* SF-Pro-Display-Semibold.otf */; };
		C68E613D2A4B82E300437E01 /* SF-Pro-Display-Ultralight.otf in Resources */ = {isa = PBXBuildFile; fileRef = C68E612B2A4B82E100437E01 /* SF-Pro-Display-Ultralight.otf */; };
		C68E613E2A4B82E300437E01 /* SF-Pro-Display-UltralightItalic.otf in Resources */ = {isa = PBXBuildFile; fileRef = C68E612C2A4B82E100437E01 /* SF-Pro-Display-UltralightItalic.otf */; };
		C68E613F2A4B82E300437E01 /* SF-Pro-Display-Regular.otf in Resources */ = {isa = PBXBuildFile; fileRef = C68E612D2A4B82E100437E01 /* SF-Pro-Display-Regular.otf */; };
		C68E61402A4B82E300437E01 /* SF-Pro-Display-Thin.otf in Resources */ = {isa = PBXBuildFile; fileRef = C68E612E2A4B82E200437E01 /* SF-Pro-Display-Thin.otf */; };
		C68E61412A4B82E300437E01 /* SF-Pro-Display-Heavy.otf in Resources */ = {isa = PBXBuildFile; fileRef = C68E612F2A4B82E200437E01 /* SF-Pro-Display-Heavy.otf */; };
		C68E61422A4B82E300437E01 /* SF-Pro-Display-Black.otf in Resources */ = {isa = PBXBuildFile; fileRef = C68E61302A4B82E200437E01 /* SF-Pro-Display-Black.otf */; };
		C68E61432A4B82E300437E01 /* SF-Pro-Display-BlackItalic.otf in Resources */ = {isa = PBXBuildFile; fileRef = C68E61312A4B82E200437E01 /* SF-Pro-Display-BlackItalic.otf */; };
		C68E61442A4B82E300437E01 /* SF-Pro-Display-SemiboldItalic.otf in Resources */ = {isa = PBXBuildFile; fileRef = C68E61322A4B82E300437E01 /* SF-Pro-Display-SemiboldItalic.otf */; };
		C68E61452A4B82E300437E01 /* SF-Pro-Display-ThinItalic.otf in Resources */ = {isa = PBXBuildFile; fileRef = C68E61332A4B82E300437E01 /* SF-Pro-Display-ThinItalic.otf */; };
		C68E61462A4B82E300437E01 /* SF-Pro-Display-HeavyItalic.otf in Resources */ = {isa = PBXBuildFile; fileRef = C68E61342A4B82E300437E01 /* SF-Pro-Display-HeavyItalic.otf */; };
		C6A4775A2A587F6900B08252 /* GradientsOwner.swift in Sources */ = {isa = PBXBuildFile; fileRef = C6A477592A587F6900B08252 /* GradientsOwner.swift */; };
		C6A4775C2A587F9E00B08252 /* GradientView.swift in Sources */ = {isa = PBXBuildFile; fileRef = C6A4775B2A587F9E00B08252 /* GradientView.swift */; };
		C6A4775E2A587FE000B08252 /* GradientTransition.swift in Sources */ = {isa = PBXBuildFile; fileRef = C6A4775D2A587FE000B08252 /* GradientTransition.swift */; };
		C6A477602A58804600B08252 /* GradientPoint.swift in Sources */ = {isa = PBXBuildFile; fileRef = C6A4775F2A58804600B08252 /* GradientPoint.swift */; };
		C6A477622A58808F00B08252 /* GradientContainerView.swift in Sources */ = {isa = PBXBuildFile; fileRef = C6A477612A58808F00B08252 /* GradientContainerView.swift */; };
		C6A477642A5880B200B08252 /* Direction.swift in Sources */ = {isa = PBXBuildFile; fileRef = C6A477632A5880B200B08252 /* Direction.swift */; };
		C6A477662A5880E200B08252 /* CAGradientLayer+Slide.swift in Sources */ = {isa = PBXBuildFile; fileRef = C6A477652A5880E200B08252 /* CAGradientLayer+Slide.swift */; };
/* End PBXBuildFile section */

/* Begin PBXContainerItemProxy section */
		C670018F2A45025A00530355 /* PBXContainerItemProxy */ = {
			isa = PBXContainerItemProxy;
			containerPortal = C670017A2A45025900530355 /* Project object */;
			proxyType = 1;
			remoteGlobalIDString = C67001822A45025900530355;
			remoteInfo = SharedUI;
		};
/* End PBXContainerItemProxy section */

/* Begin PBXFileReference section */
		C67001832A45025900530355 /* SharedUI.framework */ = {isa = PBXFileReference; explicitFileType = wrapper.framework; includeInIndex = 0; path = SharedUI.framework; sourceTree = BUILT_PRODUCTS_DIR; };
		C67001862A45025900530355 /* SharedUI.h */ = {isa = PBXFileReference; lastKnownFileType = sourcecode.c.h; path = SharedUI.h; sourceTree = "<group>"; };
		C67001872A45025900530355 /* SharedUI.docc */ = {isa = PBXFileReference; lastKnownFileType = folder.documentationcatalog; path = SharedUI.docc; sourceTree = "<group>"; };
		C670018D2A45025A00530355 /* SharedUITests.xctest */ = {isa = PBXFileReference; explicitFileType = wrapper.cfbundle; includeInIndex = 0; path = SharedUITests.xctest; sourceTree = BUILT_PRODUCTS_DIR; };
		C67001922A45025A00530355 /* SharedUITests.swift */ = {isa = PBXFileReference; lastKnownFileType = sourcecode.swift; path = SharedUITests.swift; sourceTree = "<group>"; };
		C67B97DB2A4C7FD8005B90E1 /* Fonts.swift */ = {isa = PBXFileReference; lastKnownFileType = sourcecode.swift; path = Fonts.swift; sourceTree = "<group>"; };
		C67B97DF2A4C8BE5005B90E1 /* Colors.swift */ = {isa = PBXFileReference; lastKnownFileType = sourcecode.swift; path = Colors.swift; sourceTree = "<group>"; };
		C67B97E12A4C8CA2005B90E1 /* Assets.xcassets */ = {isa = PBXFileReference; lastKnownFileType = folder.assetcatalog; path = Assets.xcassets; sourceTree = "<group>"; };
		C68E60F42A4B708400437E01 /* UIView+Extension.swift */ = {isa = PBXFileReference; lastKnownFileType = sourcecode.swift; path = "UIView+Extension.swift"; sourceTree = "<group>"; };
		C68E60F62A4B70C400437E01 /* UILabel+Extension.swift */ = {isa = PBXFileReference; lastKnownFileType = sourcecode.swift; path = "UILabel+Extension.swift"; sourceTree = "<group>"; };
		C68E60F82A4B70FF00437E01 /* UIImageView+Extension.swift */ = {isa = PBXFileReference; lastKnownFileType = sourcecode.swift; path = "UIImageView+Extension.swift"; sourceTree = "<group>"; };
		C68E60FD2A4B7A9600437E01 /* UITextField+Extension.swift */ = {isa = PBXFileReference; lastKnownFileType = sourcecode.swift; path = "UITextField+Extension.swift"; sourceTree = "<group>"; };
		C68E60FF2A4B7ABA00437E01 /* UICollectionView+ReusableCell.swift */ = {isa = PBXFileReference; lastKnownFileType = sourcecode.swift; path = "UICollectionView+ReusableCell.swift"; sourceTree = "<group>"; };
		C68E61012A4B7ADE00437E01 /* ReusableCell.swift */ = {isa = PBXFileReference; lastKnownFileType = sourcecode.swift; path = ReusableCell.swift; sourceTree = "<group>"; };
		C68E61032A4B7B0700437E01 /* UIColor+Extension.swift */ = {isa = PBXFileReference; lastKnownFileType = sourcecode.swift; path = "UIColor+Extension.swift"; sourceTree = "<group>"; };
		C68E61052A4B7B2900437E01 /* Extension+UIViewController.swift */ = {isa = PBXFileReference; lastKnownFileType = sourcecode.swift; path = "Extension+UIViewController.swift"; sourceTree = "<group>"; };
		C68E61232A4B82DF00437E01 /* SF-Pro-Display-RegularItalic.otf */ = {isa = PBXFileReference; lastKnownFileType = file; path = "SF-Pro-Display-RegularItalic.otf"; sourceTree = "<group>"; };
		C68E61242A4B82DF00437E01 /* SF-Pro-Display-LightItalic.otf */ = {isa = PBXFileReference; lastKnownFileType = file; path = "SF-Pro-Display-LightItalic.otf"; sourceTree = "<group>"; };
		C68E61252A4B82DF00437E01 /* SF-Pro-Display-BoldItalic.otf */ = {isa = PBXFileReference; lastKnownFileType = file; path = "SF-Pro-Display-BoldItalic.otf"; sourceTree = "<group>"; };
		C68E61262A4B82DF00437E01 /* SF-Pro-Display-Bold.otf */ = {isa = PBXFileReference; lastKnownFileType = file; path = "SF-Pro-Display-Bold.otf"; sourceTree = "<group>"; };
		C68E61272A4B82E000437E01 /* SF-Pro-Display-MediumItalic.otf */ = {isa = PBXFileReference; lastKnownFileType = file; path = "SF-Pro-Display-MediumItalic.otf"; sourceTree = "<group>"; };
		C68E61282A4B82E000437E01 /* SF-Pro-Display-Light.otf */ = {isa = PBXFileReference; lastKnownFileType = file; path = "SF-Pro-Display-Light.otf"; sourceTree = "<group>"; };
		C68E61292A4B82E000437E01 /* SF-Pro-Display-Medium.otf */ = {isa = PBXFileReference; lastKnownFileType = file; path = "SF-Pro-Display-Medium.otf"; sourceTree = "<group>"; };
		C68E612A2A4B82E100437E01 /* SF-Pro-Display-Semibold.otf */ = {isa = PBXFileReference; lastKnownFileType = file; path = "SF-Pro-Display-Semibold.otf"; sourceTree = "<group>"; };
		C68E612B2A4B82E100437E01 /* SF-Pro-Display-Ultralight.otf */ = {isa = PBXFileReference; lastKnownFileType = file; path = "SF-Pro-Display-Ultralight.otf"; sourceTree = "<group>"; };
		C68E612C2A4B82E100437E01 /* SF-Pro-Display-UltralightItalic.otf */ = {isa = PBXFileReference; lastKnownFileType = file; path = "SF-Pro-Display-UltralightItalic.otf"; sourceTree = "<group>"; };
		C68E612D2A4B82E100437E01 /* SF-Pro-Display-Regular.otf */ = {isa = PBXFileReference; lastKnownFileType = file; path = "SF-Pro-Display-Regular.otf"; sourceTree = "<group>"; };
		C68E612E2A4B82E200437E01 /* SF-Pro-Display-Thin.otf */ = {isa = PBXFileReference; lastKnownFileType = file; path = "SF-Pro-Display-Thin.otf"; sourceTree = "<group>"; };
		C68E612F2A4B82E200437E01 /* SF-Pro-Display-Heavy.otf */ = {isa = PBXFileReference; lastKnownFileType = file; path = "SF-Pro-Display-Heavy.otf"; sourceTree = "<group>"; };
		C68E61302A4B82E200437E01 /* SF-Pro-Display-Black.otf */ = {isa = PBXFileReference; lastKnownFileType = file; path = "SF-Pro-Display-Black.otf"; sourceTree = "<group>"; };
		C68E61312A4B82E200437E01 /* SF-Pro-Display-BlackItalic.otf */ = {isa = PBXFileReference; lastKnownFileType = file; path = "SF-Pro-Display-BlackItalic.otf"; sourceTree = "<group>"; };
		C68E61322A4B82E300437E01 /* SF-Pro-Display-SemiboldItalic.otf */ = {isa = PBXFileReference; lastKnownFileType = file; path = "SF-Pro-Display-SemiboldItalic.otf"; sourceTree = "<group>"; };
		C68E61332A4B82E300437E01 /* SF-Pro-Display-ThinItalic.otf */ = {isa = PBXFileReference; lastKnownFileType = file; path = "SF-Pro-Display-ThinItalic.otf"; sourceTree = "<group>"; };
		C68E61342A4B82E300437E01 /* SF-Pro-Display-HeavyItalic.otf */ = {isa = PBXFileReference; lastKnownFileType = file; path = "SF-Pro-Display-HeavyItalic.otf"; sourceTree = "<group>"; };
		C6A477592A587F6900B08252 /* GradientsOwner.swift */ = {isa = PBXFileReference; lastKnownFileType = sourcecode.swift; path = GradientsOwner.swift; sourceTree = "<group>"; };
		C6A4775B2A587F9E00B08252 /* GradientView.swift */ = {isa = PBXFileReference; lastKnownFileType = sourcecode.swift; path = GradientView.swift; sourceTree = "<group>"; };
		C6A4775D2A587FE000B08252 /* GradientTransition.swift */ = {isa = PBXFileReference; lastKnownFileType = sourcecode.swift; path = GradientTransition.swift; sourceTree = "<group>"; };
		C6A4775F2A58804600B08252 /* GradientPoint.swift */ = {isa = PBXFileReference; lastKnownFileType = sourcecode.swift; path = GradientPoint.swift; sourceTree = "<group>"; };
		C6A477612A58808F00B08252 /* GradientContainerView.swift */ = {isa = PBXFileReference; lastKnownFileType = sourcecode.swift; path = GradientContainerView.swift; sourceTree = "<group>"; };
		C6A477632A5880B200B08252 /* Direction.swift */ = {isa = PBXFileReference; lastKnownFileType = sourcecode.swift; path = Direction.swift; sourceTree = "<group>"; };
		C6A477652A5880E200B08252 /* CAGradientLayer+Slide.swift */ = {isa = PBXFileReference; lastKnownFileType = sourcecode.swift; path = "CAGradientLayer+Slide.swift"; sourceTree = "<group>"; };
/* End PBXFileReference section */

/* Begin PBXFrameworksBuildPhase section */
		C67001802A45025900530355 /* Frameworks */ = {
			isa = PBXFrameworksBuildPhase;
			buildActionMask = 2147483647;
			files = (
				C68E60FC2A4B76DE00437E01 /* Kingfisher in Frameworks */,
			);
			runOnlyForDeploymentPostprocessing = 0;
		};
		C670018A2A45025A00530355 /* Frameworks */ = {
			isa = PBXFrameworksBuildPhase;
			buildActionMask = 2147483647;
			files = (
				C670018E2A45025A00530355 /* SharedUI.framework in Frameworks */,
			);
			runOnlyForDeploymentPostprocessing = 0;
		};
/* End PBXFrameworksBuildPhase section */

/* Begin PBXGroup section */
		C67001792A45025900530355 = {
			isa = PBXGroup;
			children = (
				C67001852A45025900530355 /* SharedUI */,
				C67001912A45025A00530355 /* SharedUITests */,
				C67001842A45025900530355 /* Products */,
			);
			sourceTree = "<group>";
		};
		C67001842A45025900530355 /* Products */ = {
			isa = PBXGroup;
			children = (
				C67001832A45025900530355 /* SharedUI.framework */,
				C670018D2A45025A00530355 /* SharedUITests.xctest */,
			);
			name = Products;
			sourceTree = "<group>";
		};
		C67001852A45025900530355 /* SharedUI */ = {
			isa = PBXGroup;
			children = (
				C6824BA62A584678003A5E30 /* Skeleton */,
				C68E61222A4B829C00437E01 /* Fonts */,
				C67001862A45025900530355 /* SharedUI.h */,
				C67001872A45025900530355 /* SharedUI.docc */,
				C68E60F42A4B708400437E01 /* UIView+Extension.swift */,
				C68E60F62A4B70C400437E01 /* UILabel+Extension.swift */,
				C68E60F82A4B70FF00437E01 /* UIImageView+Extension.swift */,
				C68E60FD2A4B7A9600437E01 /* UITextField+Extension.swift */,
				C68E60FF2A4B7ABA00437E01 /* UICollectionView+ReusableCell.swift */,
				C68E61012A4B7ADE00437E01 /* ReusableCell.swift */,
				C68E61032A4B7B0700437E01 /* UIColor+Extension.swift */,
				C68E61052A4B7B2900437E01 /* Extension+UIViewController.swift */,
				C67B97DF2A4C8BE5005B90E1 /* Colors.swift */,
				C67B97E12A4C8CA2005B90E1 /* Assets.xcassets */,
			);
			path = SharedUI;
			sourceTree = "<group>";
		};
		C67001912A45025A00530355 /* SharedUITests */ = {
			isa = PBXGroup;
			children = (
				C67001922A45025A00530355 /* SharedUITests.swift */,
			);
			path = SharedUITests;
			sourceTree = "<group>";
		};
		C6824BA62A584678003A5E30 /* Skeleton */ = {
			isa = PBXGroup;
			children = (
				C6A477592A587F6900B08252 /* GradientsOwner.swift */,
				C6A4775B2A587F9E00B08252 /* GradientView.swift */,
				C6A4775D2A587FE000B08252 /* GradientTransition.swift */,
				C6A4775F2A58804600B08252 /* GradientPoint.swift */,
				C6A477612A58808F00B08252 /* GradientContainerView.swift */,
				C6A477632A5880B200B08252 /* Direction.swift */,
				C6A477652A5880E200B08252 /* CAGradientLayer+Slide.swift */,
			);
			path = Skeleton;
			sourceTree = "<group>";
		};
		C68E61222A4B829C00437E01 /* Fonts */ = {
			isa = PBXGroup;
			children = (
				C68E61302A4B82E200437E01 /* SF-Pro-Display-Black.otf */,
				C68E61312A4B82E200437E01 /* SF-Pro-Display-BlackItalic.otf */,
				C68E61262A4B82DF00437E01 /* SF-Pro-Display-Bold.otf */,
				C68E61252A4B82DF00437E01 /* SF-Pro-Display-BoldItalic.otf */,
				C68E612F2A4B82E200437E01 /* SF-Pro-Display-Heavy.otf */,
				C68E61342A4B82E300437E01 /* SF-Pro-Display-HeavyItalic.otf */,
				C68E61282A4B82E000437E01 /* SF-Pro-Display-Light.otf */,
				C68E61242A4B82DF00437E01 /* SF-Pro-Display-LightItalic.otf */,
				C68E61292A4B82E000437E01 /* SF-Pro-Display-Medium.otf */,
				C68E61272A4B82E000437E01 /* SF-Pro-Display-MediumItalic.otf */,
				C68E612D2A4B82E100437E01 /* SF-Pro-Display-Regular.otf */,
				C68E61232A4B82DF00437E01 /* SF-Pro-Display-RegularItalic.otf */,
				C68E612A2A4B82E100437E01 /* SF-Pro-Display-Semibold.otf */,
				C68E61322A4B82E300437E01 /* SF-Pro-Display-SemiboldItalic.otf */,
				C68E612E2A4B82E200437E01 /* SF-Pro-Display-Thin.otf */,
				C68E61332A4B82E300437E01 /* SF-Pro-Display-ThinItalic.otf */,
				C68E612B2A4B82E100437E01 /* SF-Pro-Display-Ultralight.otf */,
				C68E612C2A4B82E100437E01 /* SF-Pro-Display-UltralightItalic.otf */,
				C67B97DB2A4C7FD8005B90E1 /* Fonts.swift */,
			);
			path = Fonts;
			sourceTree = "<group>";
		};
/* End PBXGroup section */

/* Begin PBXHeadersBuildPhase section */
		C670017E2A45025900530355 /* Headers */ = {
			isa = PBXHeadersBuildPhase;
			buildActionMask = 2147483647;
			files = (
				C67001942A45025A00530355 /* SharedUI.h in Headers */,
			);
			runOnlyForDeploymentPostprocessing = 0;
		};
/* End PBXHeadersBuildPhase section */

/* Begin PBXNativeTarget section */
		C67001822A45025900530355 /* SharedUI */ = {
			isa = PBXNativeTarget;
			buildConfigurationList = C67001972A45025A00530355 /* Build configuration list for PBXNativeTarget "SharedUI" */;
			buildPhases = (
				C670017E2A45025900530355 /* Headers */,
				C670017F2A45025900530355 /* Sources */,
				C67001802A45025900530355 /* Frameworks */,
				C67001812A45025900530355 /* Resources */,
			);
			buildRules = (
			);
			dependencies = (
			);
			name = SharedUI;
			packageProductDependencies = (
				C68E60FB2A4B76DE00437E01 /* Kingfisher */,
			);
			productName = SharedUI;
			productReference = C67001832A45025900530355 /* SharedUI.framework */;
			productType = "com.apple.product-type.framework";
		};
		C670018C2A45025A00530355 /* SharedUITests */ = {
			isa = PBXNativeTarget;
			buildConfigurationList = C670019A2A45025A00530355 /* Build configuration list for PBXNativeTarget "SharedUITests" */;
			buildPhases = (
				C67001892A45025A00530355 /* Sources */,
				C670018A2A45025A00530355 /* Frameworks */,
				C670018B2A45025A00530355 /* Resources */,
			);
			buildRules = (
			);
			dependencies = (
				C67001902A45025A00530355 /* PBXTargetDependency */,
			);
			name = SharedUITests;
			productName = SharedUITests;
			productReference = C670018D2A45025A00530355 /* SharedUITests.xctest */;
			productType = "com.apple.product-type.bundle.unit-test";
		};
/* End PBXNativeTarget section */

/* Begin PBXProject section */
		C670017A2A45025900530355 /* Project object */ = {
			isa = PBXProject;
			attributes = {
				BuildIndependentTargetsInParallel = 1;
				LastSwiftUpdateCheck = 1420;
				LastUpgradeCheck = 1420;
				TargetAttributes = {
					C67001822A45025900530355 = {
						CreatedOnToolsVersion = 14.2;
					};
					C670018C2A45025A00530355 = {
						CreatedOnToolsVersion = 14.2;
					};
				};
			};
			buildConfigurationList = C670017D2A45025900530355 /* Build configuration list for PBXProject "SharedUI" */;
			compatibilityVersion = "Xcode 14.0";
			developmentRegion = en;
			hasScannedForEncodings = 0;
			knownRegions = (
				en,
				Base,
			);
			mainGroup = C67001792A45025900530355;
			packageReferences = (
				C68E60FA2A4B76DE00437E01 /* XCRemoteSwiftPackageReference "Kingfisher" */,
			);
			productRefGroup = C67001842A45025900530355 /* Products */;
			projectDirPath = "";
			projectRoot = "";
			targets = (
				C67001822A45025900530355 /* SharedUI */,
				C670018C2A45025A00530355 /* SharedUITests */,
			);
		};
/* End PBXProject section */

/* Begin PBXResourcesBuildPhase section */
		C67001812A45025900530355 /* Resources */ = {
			isa = PBXResourcesBuildPhase;
			buildActionMask = 2147483647;
			files = (
				C68E613C2A4B82E300437E01 /* SF-Pro-Display-Semibold.otf in Resources */,
				C68E613F2A4B82E300437E01 /* SF-Pro-Display-Regular.otf in Resources */,
				C68E61452A4B82E300437E01 /* SF-Pro-Display-ThinItalic.otf in Resources */,
				C68E61372A4B82E300437E01 /* SF-Pro-Display-BoldItalic.otf in Resources */,
				C68E61392A4B82E300437E01 /* SF-Pro-Display-MediumItalic.otf in Resources */,
				C68E613D2A4B82E300437E01 /* SF-Pro-Display-Ultralight.otf in Resources */,
				C68E61362A4B82E300437E01 /* SF-Pro-Display-LightItalic.otf in Resources */,
				C68E61462A4B82E300437E01 /* SF-Pro-Display-HeavyItalic.otf in Resources */,
				C68E61382A4B82E300437E01 /* SF-Pro-Display-Bold.otf in Resources */,
				C68E61422A4B82E300437E01 /* SF-Pro-Display-Black.otf in Resources */,
				C68E61412A4B82E300437E01 /* SF-Pro-Display-Heavy.otf in Resources */,
				C68E613A2A4B82E300437E01 /* SF-Pro-Display-Light.otf in Resources */,
				C68E61432A4B82E300437E01 /* SF-Pro-Display-BlackItalic.otf in Resources */,
				C67B97E22A4C8CA2005B90E1 /* Assets.xcassets in Resources */,
				C68E61402A4B82E300437E01 /* SF-Pro-Display-Thin.otf in Resources */,
				C68E61442A4B82E300437E01 /* SF-Pro-Display-SemiboldItalic.otf in Resources */,
				C68E61352A4B82E300437E01 /* SF-Pro-Display-RegularItalic.otf in Resources */,
				C68E613B2A4B82E300437E01 /* SF-Pro-Display-Medium.otf in Resources */,
				C68E613E2A4B82E300437E01 /* SF-Pro-Display-UltralightItalic.otf in Resources */,
			);
			runOnlyForDeploymentPostprocessing = 0;
		};
		C670018B2A45025A00530355 /* Resources */ = {
			isa = PBXResourcesBuildPhase;
			buildActionMask = 2147483647;
			files = (
			);
			runOnlyForDeploymentPostprocessing = 0;
		};
/* End PBXResourcesBuildPhase section */

/* Begin PBXSourcesBuildPhase section */
		C670017F2A45025900530355 /* Sources */ = {
			isa = PBXSourcesBuildPhase;
			buildActionMask = 2147483647;
			files = (
				C6A4775E2A587FE000B08252 /* GradientTransition.swift in Sources */,
				C68E60FE2A4B7A9600437E01 /* UITextField+Extension.swift in Sources */,
				C6A477622A58808F00B08252 /* GradientContainerView.swift in Sources */,
				C67B97E02A4C8BE5005B90E1 /* Colors.swift in Sources */,
				C68E60F52A4B708400437E01 /* UIView+Extension.swift in Sources */,
				C67001882A45025900530355 /* SharedUI.docc in Sources */,
				C68E60F92A4B70FF00437E01 /* UIImageView+Extension.swift in Sources */,
				C6A477642A5880B200B08252 /* Direction.swift in Sources */,
				C68E60F72A4B70C400437E01 /* UILabel+Extension.swift in Sources */,
				C68E61062A4B7B2900437E01 /* Extension+UIViewController.swift in Sources */,
				C6A477602A58804600B08252 /* GradientPoint.swift in Sources */,
				C6A477662A5880E200B08252 /* CAGradientLayer+Slide.swift in Sources */,
				C6A4775A2A587F6900B08252 /* GradientsOwner.swift in Sources */,
				C67B97DC2A4C7FD8005B90E1 /* Fonts.swift in Sources */,
				C68E61022A4B7ADE00437E01 /* ReusableCell.swift in Sources */,
				C6A4775C2A587F9E00B08252 /* GradientView.swift in Sources */,
				C68E61002A4B7ABA00437E01 /* UICollectionView+ReusableCell.swift in Sources */,
				C68E61042A4B7B0700437E01 /* UIColor+Extension.swift in Sources */,
			);
			runOnlyForDeploymentPostprocessing = 0;
		};
		C67001892A45025A00530355 /* Sources */ = {
			isa = PBXSourcesBuildPhase;
			buildActionMask = 2147483647;
			files = (
				C67001932A45025A00530355 /* SharedUITests.swift in Sources */,
			);
			runOnlyForDeploymentPostprocessing = 0;
		};
/* End PBXSourcesBuildPhase section */

/* Begin PBXTargetDependency section */
		C67001902A45025A00530355 /* PBXTargetDependency */ = {
			isa = PBXTargetDependency;
			target = C67001822A45025900530355 /* SharedUI */;
			targetProxy = C670018F2A45025A00530355 /* PBXContainerItemProxy */;
		};
/* End PBXTargetDependency section */

/* Begin XCBuildConfiguration section */
		C67001952A45025A00530355 /* Debug */ = {
			isa = XCBuildConfiguration;
			buildSettings = {
				ALWAYS_SEARCH_USER_PATHS = NO;
				CLANG_ANALYZER_NONNULL = YES;
				CLANG_ANALYZER_NUMBER_OBJECT_CONVERSION = YES_AGGRESSIVE;
				CLANG_CXX_LANGUAGE_STANDARD = "gnu++20";
				CLANG_ENABLE_MODULES = YES;
				CLANG_ENABLE_OBJC_ARC = YES;
				CLANG_ENABLE_OBJC_WEAK = YES;
				CLANG_WARN_BLOCK_CAPTURE_AUTORELEASING = YES;
				CLANG_WARN_BOOL_CONVERSION = YES;
				CLANG_WARN_COMMA = YES;
				CLANG_WARN_CONSTANT_CONVERSION = YES;
				CLANG_WARN_DEPRECATED_OBJC_IMPLEMENTATIONS = YES;
				CLANG_WARN_DIRECT_OBJC_ISA_USAGE = YES_ERROR;
				CLANG_WARN_DOCUMENTATION_COMMENTS = YES;
				CLANG_WARN_EMPTY_BODY = YES;
				CLANG_WARN_ENUM_CONVERSION = YES;
				CLANG_WARN_INFINITE_RECURSION = YES;
				CLANG_WARN_INT_CONVERSION = YES;
				CLANG_WARN_NON_LITERAL_NULL_CONVERSION = YES;
				CLANG_WARN_OBJC_IMPLICIT_RETAIN_SELF = YES;
				CLANG_WARN_OBJC_LITERAL_CONVERSION = YES;
				CLANG_WARN_OBJC_ROOT_CLASS = YES_ERROR;
				CLANG_WARN_QUOTED_INCLUDE_IN_FRAMEWORK_HEADER = YES;
				CLANG_WARN_RANGE_LOOP_ANALYSIS = YES;
				CLANG_WARN_STRICT_PROTOTYPES = YES;
				CLANG_WARN_SUSPICIOUS_MOVE = YES;
				CLANG_WARN_UNGUARDED_AVAILABILITY = YES_AGGRESSIVE;
				CLANG_WARN_UNREACHABLE_CODE = YES;
				CLANG_WARN__DUPLICATE_METHOD_MATCH = YES;
				COPY_PHASE_STRIP = NO;
				CURRENT_PROJECT_VERSION = 1;
				DEBUG_INFORMATION_FORMAT = dwarf;
				ENABLE_STRICT_OBJC_MSGSEND = YES;
				ENABLE_TESTABILITY = YES;
				GCC_C_LANGUAGE_STANDARD = gnu11;
				GCC_DYNAMIC_NO_PIC = NO;
				GCC_NO_COMMON_BLOCKS = YES;
				GCC_OPTIMIZATION_LEVEL = 0;
				GCC_PREPROCESSOR_DEFINITIONS = (
					"DEBUG=1",
					"$(inherited)",
				);
				GCC_WARN_64_TO_32_BIT_CONVERSION = YES;
				GCC_WARN_ABOUT_RETURN_TYPE = YES_ERROR;
				GCC_WARN_UNDECLARED_SELECTOR = YES;
				GCC_WARN_UNINITIALIZED_AUTOS = YES_AGGRESSIVE;
				GCC_WARN_UNUSED_FUNCTION = YES;
				GCC_WARN_UNUSED_VARIABLE = YES;
				IPHONEOS_DEPLOYMENT_TARGET = 16.2;
				MTL_ENABLE_DEBUG_INFO = INCLUDE_SOURCE;
				MTL_FAST_MATH = YES;
				ONLY_ACTIVE_ARCH = YES;
				SDKROOT = iphoneos;
				SWIFT_ACTIVE_COMPILATION_CONDITIONS = DEBUG;
				SWIFT_OPTIMIZATION_LEVEL = "-Onone";
				VERSIONING_SYSTEM = "apple-generic";
				VERSION_INFO_PREFIX = "";
			};
			name = Debug;
		};
		C67001962A45025A00530355 /* Release */ = {
			isa = XCBuildConfiguration;
			buildSettings = {
				ALWAYS_SEARCH_USER_PATHS = NO;
				CLANG_ANALYZER_NONNULL = YES;
				CLANG_ANALYZER_NUMBER_OBJECT_CONVERSION = YES_AGGRESSIVE;
				CLANG_CXX_LANGUAGE_STANDARD = "gnu++20";
				CLANG_ENABLE_MODULES = YES;
				CLANG_ENABLE_OBJC_ARC = YES;
				CLANG_ENABLE_OBJC_WEAK = YES;
				CLANG_WARN_BLOCK_CAPTURE_AUTORELEASING = YES;
				CLANG_WARN_BOOL_CONVERSION = YES;
				CLANG_WARN_COMMA = YES;
				CLANG_WARN_CONSTANT_CONVERSION = YES;
				CLANG_WARN_DEPRECATED_OBJC_IMPLEMENTATIONS = YES;
				CLANG_WARN_DIRECT_OBJC_ISA_USAGE = YES_ERROR;
				CLANG_WARN_DOCUMENTATION_COMMENTS = YES;
				CLANG_WARN_EMPTY_BODY = YES;
				CLANG_WARN_ENUM_CONVERSION = YES;
				CLANG_WARN_INFINITE_RECURSION = YES;
				CLANG_WARN_INT_CONVERSION = YES;
				CLANG_WARN_NON_LITERAL_NULL_CONVERSION = YES;
				CLANG_WARN_OBJC_IMPLICIT_RETAIN_SELF = YES;
				CLANG_WARN_OBJC_LITERAL_CONVERSION = YES;
				CLANG_WARN_OBJC_ROOT_CLASS = YES_ERROR;
				CLANG_WARN_QUOTED_INCLUDE_IN_FRAMEWORK_HEADER = YES;
				CLANG_WARN_RANGE_LOOP_ANALYSIS = YES;
				CLANG_WARN_STRICT_PROTOTYPES = YES;
				CLANG_WARN_SUSPICIOUS_MOVE = YES;
				CLANG_WARN_UNGUARDED_AVAILABILITY = YES_AGGRESSIVE;
				CLANG_WARN_UNREACHABLE_CODE = YES;
				CLANG_WARN__DUPLICATE_METHOD_MATCH = YES;
				COPY_PHASE_STRIP = NO;
				CURRENT_PROJECT_VERSION = 1;
				DEBUG_INFORMATION_FORMAT = "dwarf-with-dsym";
				ENABLE_NS_ASSERTIONS = NO;
				ENABLE_STRICT_OBJC_MSGSEND = YES;
				GCC_C_LANGUAGE_STANDARD = gnu11;
				GCC_NO_COMMON_BLOCKS = YES;
				GCC_WARN_64_TO_32_BIT_CONVERSION = YES;
				GCC_WARN_ABOUT_RETURN_TYPE = YES_ERROR;
				GCC_WARN_UNDECLARED_SELECTOR = YES;
				GCC_WARN_UNINITIALIZED_AUTOS = YES_AGGRESSIVE;
				GCC_WARN_UNUSED_FUNCTION = YES;
				GCC_WARN_UNUSED_VARIABLE = YES;
				IPHONEOS_DEPLOYMENT_TARGET = 16.2;
				MTL_ENABLE_DEBUG_INFO = NO;
				MTL_FAST_MATH = YES;
				SDKROOT = iphoneos;
				SWIFT_COMPILATION_MODE = wholemodule;
				SWIFT_OPTIMIZATION_LEVEL = "-O";
				VALIDATE_PRODUCT = YES;
				VERSIONING_SYSTEM = "apple-generic";
				VERSION_INFO_PREFIX = "";
			};
			name = Release;
		};
		C67001982A45025A00530355 /* Debug */ = {
			isa = XCBuildConfiguration;
			buildSettings = {
				CODE_SIGN_STYLE = Automatic;
				CURRENT_PROJECT_VERSION = 1;
				DEFINES_MODULE = YES;
				DEVELOPMENT_TEAM = JXQ54B2CD8;
				DYLIB_COMPATIBILITY_VERSION = 1;
				DYLIB_CURRENT_VERSION = 1;
				DYLIB_INSTALL_NAME_BASE = "@rpath";
				GENERATE_INFOPLIST_FILE = YES;
				INFOPLIST_KEY_NSHumanReadableCopyright = "";
				INSTALL_PATH = "$(LOCAL_LIBRARY_DIR)/Frameworks";
				LD_RUNPATH_SEARCH_PATHS = (
					"$(inherited)",
					"@executable_path/Frameworks",
					"@loader_path/Frameworks",
				);
				MARKETING_VERSION = 1.0;
				PRODUCT_BUNDLE_IDENTIFIER = com.ho.SharedUI;
				PRODUCT_NAME = "$(TARGET_NAME:c99extidentifier)";
				SKIP_INSTALL = YES;
				SWIFT_EMIT_LOC_STRINGS = YES;
				SWIFT_VERSION = 5.0;
				TARGETED_DEVICE_FAMILY = "1,2";
			};
			name = Debug;
		};
		C67001992A45025A00530355 /* Release */ = {
			isa = XCBuildConfiguration;
			buildSettings = {
				CODE_SIGN_STYLE = Automatic;
				CURRENT_PROJECT_VERSION = 1;
				DEFINES_MODULE = YES;
				DEVELOPMENT_TEAM = JXQ54B2CD8;
				DYLIB_COMPATIBILITY_VERSION = 1;
				DYLIB_CURRENT_VERSION = 1;
				DYLIB_INSTALL_NAME_BASE = "@rpath";
				GENERATE_INFOPLIST_FILE = YES;
				INFOPLIST_KEY_NSHumanReadableCopyright = "";
				INSTALL_PATH = "$(LOCAL_LIBRARY_DIR)/Frameworks";
				LD_RUNPATH_SEARCH_PATHS = (
					"$(inherited)",
					"@executable_path/Frameworks",
					"@loader_path/Frameworks",
				);
				MARKETING_VERSION = 1.0;
				PRODUCT_BUNDLE_IDENTIFIER = com.ho.SharedUI;
				PRODUCT_NAME = "$(TARGET_NAME:c99extidentifier)";
				SKIP_INSTALL = YES;
				SWIFT_EMIT_LOC_STRINGS = YES;
				SWIFT_VERSION = 5.0;
				TARGETED_DEVICE_FAMILY = "1,2";
			};
			name = Release;
		};
		C670019B2A45025A00530355 /* Debug */ = {
			isa = XCBuildConfiguration;
			buildSettings = {
				ALWAYS_EMBED_SWIFT_STANDARD_LIBRARIES = YES;
				CODE_SIGN_STYLE = Automatic;
				CURRENT_PROJECT_VERSION = 1;
				DEVELOPMENT_TEAM = JXQ54B2CD8;
				GENERATE_INFOPLIST_FILE = YES;
				MARKETING_VERSION = 1.0;
				PRODUCT_BUNDLE_IDENTIFIER = com.ho.SharedUITests;
				PRODUCT_NAME = "$(TARGET_NAME)";
				SWIFT_EMIT_LOC_STRINGS = NO;
				SWIFT_VERSION = 5.0;
				TARGETED_DEVICE_FAMILY = "1,2";
			};
			name = Debug;
		};
		C670019C2A45025A00530355 /* Release */ = {
			isa = XCBuildConfiguration;
			buildSettings = {
				ALWAYS_EMBED_SWIFT_STANDARD_LIBRARIES = YES;
				CODE_SIGN_STYLE = Automatic;
				CURRENT_PROJECT_VERSION = 1;
				DEVELOPMENT_TEAM = JXQ54B2CD8;
				GENERATE_INFOPLIST_FILE = YES;
				MARKETING_VERSION = 1.0;
				PRODUCT_BUNDLE_IDENTIFIER = com.ho.SharedUITests;
				PRODUCT_NAME = "$(TARGET_NAME)";
				SWIFT_EMIT_LOC_STRINGS = NO;
				SWIFT_VERSION = 5.0;
				TARGETED_DEVICE_FAMILY = "1,2";
			};
			name = Release;
		};
/* End XCBuildConfiguration section */

/* Begin XCConfigurationList section */
		C670017D2A45025900530355 /* Build configuration list for PBXProject "SharedUI" */ = {
			isa = XCConfigurationList;
			buildConfigurations = (
				C67001952A45025A00530355 /* Debug */,
				C67001962A45025A00530355 /* Release */,
			);
			defaultConfigurationIsVisible = 0;
			defaultConfigurationName = Release;
		};
		C67001972A45025A00530355 /* Build configuration list for PBXNativeTarget "SharedUI" */ = {
			isa = XCConfigurationList;
			buildConfigurations = (
				C67001982A45025A00530355 /* Debug */,
				C67001992A45025A00530355 /* Release */,
			);
			defaultConfigurationIsVisible = 0;
			defaultConfigurationName = Release;
		};
		C670019A2A45025A00530355 /* Build configuration list for PBXNativeTarget "SharedUITests" */ = {
			isa = XCConfigurationList;
			buildConfigurations = (
				C670019B2A45025A00530355 /* Debug */,
				C670019C2A45025A00530355 /* Release */,
			);
			defaultConfigurationIsVisible = 0;
			defaultConfigurationName = Release;
		};
/* End XCConfigurationList section */

/* Begin XCRemoteSwiftPackageReference section */
		C68E60FA2A4B76DE00437E01 /* XCRemoteSwiftPackageReference "Kingfisher" */ = {
			isa = XCRemoteSwiftPackageReference;
			repositoryURL = "https://github.com/onevcat/Kingfisher";
			requirement = {
				branch = master;
				kind = branch;
			};
		};
/* End XCRemoteSwiftPackageReference section */

/* Begin XCSwiftPackageProductDependency section */
		C68E60FB2A4B76DE00437E01 /* Kingfisher */ = {
			isa = XCSwiftPackageProductDependency;
			package = C68E60FA2A4B76DE00437E01 /* XCRemoteSwiftPackageReference "Kingfisher" */;
			productName = Kingfisher;
		};
/* End XCSwiftPackageProductDependency section */
	};
	rootObject = C670017A2A45025900530355 /* Project object */;
}
