// !$*UTF8*$!
{
	archiveVersion = 1;
	classes = {
	};
	objectVersion = 56;
	objects = {

/* Begin PBXBuildFile section */
		C67001402A44FE0700530355 /* Commons.docc in Sources */ = {isa = PBXBuildFile; fileRef = C670013F2A44FE0700530355 /* Commons.docc */; };
		C67001462A44FE0700530355 /* Commons.framework in Frameworks */ = {isa = PBXBuildFile; fileRef = C670013B2A44FE0700530355 /* Commons.framework */; };
		C670014B2A44FE0700530355 /* CommonsTests.swift in Sources */ = {isa = PBXBuildFile; fileRef = C670014A2A44FE0700530355 /* CommonsTests.swift */; };
		C670014C2A44FE0700530355 /* Commons.h in Headers */ = {isa = PBXBuildFile; fileRef = C670013E2A44FE0700530355 /* Commons.h */; settings = {ATTRIBUTES = (Public, ); }; };
		C67002002A45076E00530355 /* Coordinator.swift in Sources */ = {isa = PBXBuildFile; fileRef = C67001FF2A45076E00530355 /* Coordinator.swift */; };
		C67002022A4507A300530355 /* Configs.swift in Sources */ = {isa = PBXBuildFile; fileRef = C67002012A4507A300530355 /* Configs.swift */; };
/* End PBXBuildFile section */

/* Begin PBXContainerItemProxy section */
		C67001472A44FE0700530355 /* PBXContainerItemProxy */ = {
			isa = PBXContainerItemProxy;
			containerPortal = C67001322A44FE0700530355 /* Project object */;
			proxyType = 1;
			remoteGlobalIDString = C670013A2A44FE0700530355;
			remoteInfo = Commons;
		};
/* End PBXContainerItemProxy section */

/* Begin PBXFileReference section */
		C670013B2A44FE0700530355 /* Commons.framework */ = {isa = PBXFileReference; explicitFileType = wrapper.framework; includeInIndex = 0; path = Commons.framework; sourceTree = BUILT_PRODUCTS_DIR; };
		C670013E2A44FE0700530355 /* Commons.h */ = {isa = PBXFileReference; lastKnownFileType = sourcecode.c.h; path = Commons.h; sourceTree = "<group>"; };
		C670013F2A44FE0700530355 /* Commons.docc */ = {isa = PBXFileReference; lastKnownFileType = folder.documentationcatalog; path = Commons.docc; sourceTree = "<group>"; };
		C67001452A44FE0700530355 /* CommonsTests.xctest */ = {isa = PBXFileReference; explicitFileType = wrapper.cfbundle; includeInIndex = 0; path = CommonsTests.xctest; sourceTree = BUILT_PRODUCTS_DIR; };
		C670014A2A44FE0700530355 /* CommonsTests.swift */ = {isa = PBXFileReference; lastKnownFileType = sourcecode.swift; path = CommonsTests.swift; sourceTree = "<group>"; };
		C67001FF2A45076E00530355 /* Coordinator.swift */ = {isa = PBXFileReference; lastKnownFileType = sourcecode.swift; path = Coordinator.swift; sourceTree = "<group>"; };
		C67002012A4507A300530355 /* Configs.swift */ = {isa = PBXFileReference; lastKnownFileType = sourcecode.swift; path = Configs.swift; sourceTree = "<group>"; };
/* End PBXFileReference section */

/* Begin PBXFrameworksBuildPhase section */
		C67001382A44FE0700530355 /* Frameworks */ = {
			isa = PBXFrameworksBuildPhase;
			buildActionMask = 2147483647;
			files = (
			);
			runOnlyForDeploymentPostprocessing = 0;
		};
		C67001422A44FE0700530355 /* Frameworks */ = {
			isa = PBXFrameworksBuildPhase;
			buildActionMask = 2147483647;
			files = (
				C67001462A44FE0700530355 /* Commons.framework in Frameworks */,
			);
			runOnlyForDeploymentPostprocessing = 0;
		};
/* End PBXFrameworksBuildPhase section */

/* Begin PBXGroup section */
		C67001312A44FE0700530355 = {
			isa = PBXGroup;
			children = (
				C670013D2A44FE0700530355 /* Commons */,
				C67001492A44FE0700530355 /* CommonsTests */,
				C670013C2A44FE0700530355 /* Products */,
			);
			sourceTree = "<group>";
		};
		C670013C2A44FE0700530355 /* Products */ = {
			isa = PBXGroup;
			children = (
				C670013B2A44FE0700530355 /* Commons.framework */,
				C67001452A44FE0700530355 /* CommonsTests.xctest */,
			);
			name = Products;
			sourceTree = "<group>";
		};
		C670013D2A44FE0700530355 /* Commons */ = {
			isa = PBXGroup;
			children = (
				C670013E2A44FE0700530355 /* Commons.h */,
				C670013F2A44FE0700530355 /* Commons.docc */,
				C67001FF2A45076E00530355 /* Coordinator.swift */,
				C67002012A4507A300530355 /* Configs.swift */,
			);
			path = Commons;
			sourceTree = "<group>";
		};
		C67001492A44FE0700530355 /* CommonsTests */ = {
			isa = PBXGroup;
			children = (
				C670014A2A44FE0700530355 /* CommonsTests.swift */,
			);
			path = CommonsTests;
			sourceTree = "<group>";
		};
/* End PBXGroup section */

/* Begin PBXHeadersBuildPhase section */
		C67001362A44FE0700530355 /* Headers */ = {
			isa = PBXHeadersBuildPhase;
			buildActionMask = 2147483647;
			files = (
				C670014C2A44FE0700530355 /* Commons.h in Headers */,
			);
			runOnlyForDeploymentPostprocessing = 0;
		};
/* End PBXHeadersBuildPhase section */

/* Begin PBXNativeTarget section */
		C670013A2A44FE0700530355 /* Commons */ = {
			isa = PBXNativeTarget;
			buildConfigurationList = C670014F2A44FE0700530355 /* Build configuration list for PBXNativeTarget "Commons" */;
			buildPhases = (
				C67001362A44FE0700530355 /* Headers */,
				C67001372A44FE0700530355 /* Sources */,
				C67001382A44FE0700530355 /* Frameworks */,
				C67001392A44FE0700530355 /* Resources */,
			);
			buildRules = (
			);
			dependencies = (
			);
			name = Commons;
			productName = Commons;
			productReference = C670013B2A44FE0700530355 /* Commons.framework */;
			productType = "com.apple.product-type.framework";
		};
		C67001442A44FE0700530355 /* CommonsTests */ = {
			isa = PBXNativeTarget;
			buildConfigurationList = C67001522A44FE0700530355 /* Build configuration list for PBXNativeTarget "CommonsTests" */;
			buildPhases = (
				C67001412A44FE0700530355 /* Sources */,
				C67001422A44FE0700530355 /* Frameworks */,
				C67001432A44FE0700530355 /* Resources */,
			);
			buildRules = (
			);
			dependencies = (
				C67001482A44FE0700530355 /* PBXTargetDependency */,
			);
			name = CommonsTests;
			productName = CommonsTests;
			productReference = C67001452A44FE0700530355 /* CommonsTests.xctest */;
			productType = "com.apple.product-type.bundle.unit-test";
		};
/* End PBXNativeTarget section */

/* Begin PBXProject section */
		C67001322A44FE0700530355 /* Project object */ = {
			isa = PBXProject;
			attributes = {
				BuildIndependentTargetsInParallel = 1;
				LastSwiftUpdateCheck = 1420;
				LastUpgradeCheck = 1420;
				TargetAttributes = {
					C670013A2A44FE0700530355 = {
						CreatedOnToolsVersion = 14.2;
					};
					C67001442A44FE0700530355 = {
						CreatedOnToolsVersion = 14.2;
					};
				};
			};
			buildConfigurationList = C67001352A44FE0700530355 /* Build configuration list for PBXProject "Commons" */;
			compatibilityVersion = "Xcode 14.0";
			developmentRegion = en;
			hasScannedForEncodings = 0;
			knownRegions = (
				en,
				Base,
			);
			mainGroup = C67001312A44FE0700530355;
			productRefGroup = C670013C2A44FE0700530355 /* Products */;
			projectDirPath = "";
			projectRoot = "";
			targets = (
				C670013A2A44FE0700530355 /* Commons */,
				C67001442A44FE0700530355 /* CommonsTests */,
			);
		};
/* End PBXProject section */

/* Begin PBXResourcesBuildPhase section */
		C67001392A44FE0700530355 /* Resources */ = {
			isa = PBXResourcesBuildPhase;
			buildActionMask = 2147483647;
			files = (
			);
			runOnlyForDeploymentPostprocessing = 0;
		};
		C67001432A44FE0700530355 /* Resources */ = {
			isa = PBXResourcesBuildPhase;
			buildActionMask = 2147483647;
			files = (
			);
			runOnlyForDeploymentPostprocessing = 0;
		};
/* End PBXResourcesBuildPhase section */

/* Begin PBXSourcesBuildPhase section */
		C67001372A44FE0700530355 /* Sources */ = {
			isa = PBXSourcesBuildPhase;
			buildActionMask = 2147483647;
			files = (
				C67002002A45076E00530355 /* Coordinator.swift in Sources */,
				C67001402A44FE0700530355 /* Commons.docc in Sources */,
				C67002022A4507A300530355 /* Configs.swift in Sources */,
			);
			runOnlyForDeploymentPostprocessing = 0;
		};
		C67001412A44FE0700530355 /* Sources */ = {
			isa = PBXSourcesBuildPhase;
			buildActionMask = 2147483647;
			files = (
				C670014B2A44FE0700530355 /* CommonsTests.swift in Sources */,
			);
			runOnlyForDeploymentPostprocessing = 0;
		};
/* End PBXSourcesBuildPhase section */

/* Begin PBXTargetDependency section */
		C67001482A44FE0700530355 /* PBXTargetDependency */ = {
			isa = PBXTargetDependency;
			target = C670013A2A44FE0700530355 /* Commons */;
			targetProxy = C67001472A44FE0700530355 /* PBXContainerItemProxy */;
		};
/* End PBXTargetDependency section */

/* Begin XCBuildConfiguration section */
		C670014D2A44FE0700530355 /* Debug */ = {
			isa = XCBuildConfiguration;
			buildSettings = {
				ALWAYS_SEARCH_USER_PATHS = NO;
				CLANG_ANALYZER_NONNULL = YES;
				CLANG_ANALYZER_NUMBER_OBJECT_CONVERSION = YES_AGGRESSIVE;
				CLANG_CXX_LANGUAGE_STANDARD = "gnu++20";
				CLANG_ENABLE_MODULES = YES;
				CLANG_ENABLE_OBJC_ARC = YES;
				CLANG_ENABLE_OBJC_WEAK = YES;
				CLANG_WARN_BLOCK_CAPTURE_AUTORELEASING = YES;
				CLANG_WARN_BOOL_CONVERSION = YES;
				CLANG_WARN_COMMA = YES;
				CLANG_WARN_CONSTANT_CONVERSION = YES;
				CLANG_WARN_DEPRECATED_OBJC_IMPLEMENTATIONS = YES;
				CLANG_WARN_DIRECT_OBJC_ISA_USAGE = YES_ERROR;
				CLANG_WARN_DOCUMENTATION_COMMENTS = YES;
				CLANG_WARN_EMPTY_BODY = YES;
				CLANG_WARN_ENUM_CONVERSION = YES;
				CLANG_WARN_INFINITE_RECURSION = YES;
				CLANG_WARN_INT_CONVERSION = YES;
				CLANG_WARN_NON_LITERAL_NULL_CONVERSION = YES;
				CLANG_WARN_OBJC_IMPLICIT_RETAIN_SELF = YES;
				CLANG_WARN_OBJC_LITERAL_CONVERSION = YES;
				CLANG_WARN_OBJC_ROOT_CLASS = YES_ERROR;
				CLANG_WARN_QUOTED_INCLUDE_IN_FRAMEWORK_HEADER = YES;
				CLANG_WARN_RANGE_LOOP_ANALYSIS = YES;
				CLANG_WARN_STRICT_PROTOTYPES = YES;
				CLANG_WARN_SUSPICIOUS_MOVE = YES;
				CLANG_WARN_UNGUARDED_AVAILABILITY = YES_AGGRESSIVE;
				CLANG_WARN_UNREACHABLE_CODE = YES;
				CLANG_WARN__DUPLICATE_METHOD_MATCH = YES;
				COPY_PHASE_STRIP = NO;
				CURRENT_PROJECT_VERSION = 1;
				DEBUG_INFORMATION_FORMAT = dwarf;
				ENABLE_STRICT_OBJC_MSGSEND = YES;
				ENABLE_TESTABILITY = YES;
				GCC_C_LANGUAGE_STANDARD = gnu11;
				GCC_DYNAMIC_NO_PIC = NO;
				GCC_NO_COMMON_BLOCKS = YES;
				GCC_OPTIMIZATION_LEVEL = 0;
				GCC_PREPROCESSOR_DEFINITIONS = (
					"DEBUG=1",
					"$(inherited)",
				);
				GCC_WARN_64_TO_32_BIT_CONVERSION = YES;
				GCC_WARN_ABOUT_RETURN_TYPE = YES_ERROR;
				GCC_WARN_UNDECLARED_SELECTOR = YES;
				GCC_WARN_UNINITIALIZED_AUTOS = YES_AGGRESSIVE;
				GCC_WARN_UNUSED_FUNCTION = YES;
				GCC_WARN_UNUSED_VARIABLE = YES;
				IPHONEOS_DEPLOYMENT_TARGET = 16.2;
				MTL_ENABLE_DEBUG_INFO = INCLUDE_SOURCE;
				MTL_FAST_MATH = YES;
				ONLY_ACTIVE_ARCH = YES;
				SDKROOT = iphoneos;
				SWIFT_ACTIVE_COMPILATION_CONDITIONS = DEBUG;
				SWIFT_OPTIMIZATION_LEVEL = "-Onone";
				VERSIONING_SYSTEM = "apple-generic";
				VERSION_INFO_PREFIX = "";
			};
			name = Debug;
		};
		C670014E2A44FE0700530355 /* Release */ = {
			isa = XCBuildConfiguration;
			buildSettings = {
				ALWAYS_SEARCH_USER_PATHS = NO;
				CLANG_ANALYZER_NONNULL = YES;
				CLANG_ANALYZER_NUMBER_OBJECT_CONVERSION = YES_AGGRESSIVE;
				CLANG_CXX_LANGUAGE_STANDARD = "gnu++20";
				CLANG_ENABLE_MODULES = YES;
				CLANG_ENABLE_OBJC_ARC = YES;
				CLANG_ENABLE_OBJC_WEAK = YES;
				CLANG_WARN_BLOCK_CAPTURE_AUTORELEASING = YES;
				CLANG_WARN_BOOL_CONVERSION = YES;
				CLANG_WARN_COMMA = YES;
				CLANG_WARN_CONSTANT_CONVERSION = YES;
				CLANG_WARN_DEPRECATED_OBJC_IMPLEMENTATIONS = YES;
				CLANG_WARN_DIRECT_OBJC_ISA_USAGE = YES_ERROR;
				CLANG_WARN_DOCUMENTATION_COMMENTS = YES;
				CLANG_WARN_EMPTY_BODY = YES;
				CLANG_WARN_ENUM_CONVERSION = YES;
				CLANG_WARN_INFINITE_RECURSION = YES;
				CLANG_WARN_INT_CONVERSION = YES;
				CLANG_WARN_NON_LITERAL_NULL_CONVERSION = YES;
				CLANG_WARN_OBJC_IMPLICIT_RETAIN_SELF = YES;
				CLANG_WARN_OBJC_LITERAL_CONVERSION = YES;
				CLANG_WARN_OBJC_ROOT_CLASS = YES_ERROR;
				CLANG_WARN_QUOTED_INCLUDE_IN_FRAMEWORK_HEADER = YES;
				CLANG_WARN_RANGE_LOOP_ANALYSIS = YES;
				CLANG_WARN_STRICT_PROTOTYPES = YES;
				CLANG_WARN_SUSPICIOUS_MOVE = YES;
				CLANG_WARN_UNGUARDED_AVAILABILITY = YES_AGGRESSIVE;
				CLANG_WARN_UNREACHABLE_CODE = YES;
				CLANG_WARN__DUPLICATE_METHOD_MATCH = YES;
				COPY_PHASE_STRIP = NO;
				CURRENT_PROJECT_VERSION = 1;
				DEBUG_INFORMATION_FORMAT = "dwarf-with-dsym";
				ENABLE_NS_ASSERTIONS = NO;
				ENABLE_STRICT_OBJC_MSGSEND = YES;
				GCC_C_LANGUAGE_STANDARD = gnu11;
				GCC_NO_COMMON_BLOCKS = YES;
				GCC_WARN_64_TO_32_BIT_CONVERSION = YES;
				GCC_WARN_ABOUT_RETURN_TYPE = YES_ERROR;
				GCC_WARN_UNDECLARED_SELECTOR = YES;
				GCC_WARN_UNINITIALIZED_AUTOS = YES_AGGRESSIVE;
				GCC_WARN_UNUSED_FUNCTION = YES;
				GCC_WARN_UNUSED_VARIABLE = YES;
				IPHONEOS_DEPLOYMENT_TARGET = 16.2;
				MTL_ENABLE_DEBUG_INFO = NO;
				MTL_FAST_MATH = YES;
				SDKROOT = iphoneos;
				SWIFT_COMPILATION_MODE = wholemodule;
				SWIFT_OPTIMIZATION_LEVEL = "-O";
				VALIDATE_PRODUCT = YES;
				VERSIONING_SYSTEM = "apple-generic";
				VERSION_INFO_PREFIX = "";
			};
			name = Release;
		};
		C67001502A44FE0700530355 /* Debug */ = {
			isa = XCBuildConfiguration;
			buildSettings = {
				CODE_SIGN_STYLE = Automatic;
				CURRENT_PROJECT_VERSION = 1;
				DEFINES_MODULE = YES;
				DEVELOPMENT_TEAM = JXQ54B2CD8;
				DYLIB_COMPATIBILITY_VERSION = 1;
				DYLIB_CURRENT_VERSION = 1;
				DYLIB_INSTALL_NAME_BASE = "@rpath";
				GENERATE_INFOPLIST_FILE = YES;
				INFOPLIST_KEY_NSHumanReadableCopyright = "";
				INSTALL_PATH = "$(LOCAL_LIBRARY_DIR)/Frameworks";
				LD_RUNPATH_SEARCH_PATHS = (
					"$(inherited)",
					"@executable_path/Frameworks",
					"@loader_path/Frameworks",
				);
				MARKETING_VERSION = 1.0;
				PRODUCT_BUNDLE_IDENTIFIER = com.ho.Commons;
				PRODUCT_NAME = "$(TARGET_NAME:c99extidentifier)";
				SKIP_INSTALL = YES;
				SWIFT_EMIT_LOC_STRINGS = YES;
				SWIFT_VERSION = 5.0;
				TARGETED_DEVICE_FAMILY = "1,2";
			};
			name = Debug;
		};
		C67001512A44FE0700530355 /* Release */ = {
			isa = XCBuildConfiguration;
			buildSettings = {
				CODE_SIGN_STYLE = Automatic;
				CURRENT_PROJECT_VERSION = 1;
				DEFINES_MODULE = YES;
				DEVELOPMENT_TEAM = JXQ54B2CD8;
				DYLIB_COMPATIBILITY_VERSION = 1;
				DYLIB_CURRENT_VERSION = 1;
				DYLIB_INSTALL_NAME_BASE = "@rpath";
				GENERATE_INFOPLIST_FILE = YES;
				INFOPLIST_KEY_NSHumanReadableCopyright = "";
				INSTALL_PATH = "$(LOCAL_LIBRARY_DIR)/Frameworks";
				LD_RUNPATH_SEARCH_PATHS = (
					"$(inherited)",
					"@executable_path/Frameworks",
					"@loader_path/Frameworks",
				);
				MARKETING_VERSION = 1.0;
				PRODUCT_BUNDLE_IDENTIFIER = com.ho.Commons;
				PRODUCT_NAME = "$(TARGET_NAME:c99extidentifier)";
				SKIP_INSTALL = YES;
				SWIFT_EMIT_LOC_STRINGS = YES;
				SWIFT_VERSION = 5.0;
				TARGETED_DEVICE_FAMILY = "1,2";
			};
			name = Release;
		};
		C67001532A44FE0700530355 /* Debug */ = {
			isa = XCBuildConfiguration;
			buildSettings = {
				ALWAYS_EMBED_SWIFT_STANDARD_LIBRARIES = YES;
				CODE_SIGN_STYLE = Automatic;
				CURRENT_PROJECT_VERSION = 1;
				DEVELOPMENT_TEAM = JXQ54B2CD8;
				GENERATE_INFOPLIST_FILE = YES;
				MARKETING_VERSION = 1.0;
				PRODUCT_BUNDLE_IDENTIFIER = com.ho.CommonsTests;
				PRODUCT_NAME = "$(TARGET_NAME)";
				SWIFT_EMIT_LOC_STRINGS = NO;
				SWIFT_VERSION = 5.0;
				TARGETED_DEVICE_FAMILY = "1,2";
			};
			name = Debug;
		};
		C67001542A44FE0700530355 /* Release */ = {
			isa = XCBuildConfiguration;
			buildSettings = {
				ALWAYS_EMBED_SWIFT_STANDARD_LIBRARIES = YES;
				CODE_SIGN_STYLE = Automatic;
				CURRENT_PROJECT_VERSION = 1;
				DEVELOPMENT_TEAM = JXQ54B2CD8;
				GENERATE_INFOPLIST_FILE = YES;
				MARKETING_VERSION = 1.0;
				PRODUCT_BUNDLE_IDENTIFIER = com.ho.CommonsTests;
				PRODUCT_NAME = "$(TARGET_NAME)";
				SWIFT_EMIT_LOC_STRINGS = NO;
				SWIFT_VERSION = 5.0;
				TARGETED_DEVICE_FAMILY = "1,2";
			};
			name = Release;
		};
/* End XCBuildConfiguration section */

/* Begin XCConfigurationList section */
		C67001352A44FE0700530355 /* Build configuration list for PBXProject "Commons" */ = {
			isa = XCConfigurationList;
			buildConfigurations = (
				C670014D2A44FE0700530355 /* Debug */,
				C670014E2A44FE0700530355 /* Release */,
			);
			defaultConfigurationIsVisible = 0;
			defaultConfigurationName = Release;
		};
		C670014F2A44FE0700530355 /* Build configuration list for PBXNativeTarget "Commons" */ = {
			isa = XCConfigurationList;
			buildConfigurations = (
				C67001502A44FE0700530355 /* Debug */,
				C67001512A44FE0700530355 /* Release */,
			);
			defaultConfigurationIsVisible = 0;
			defaultConfigurationName = Release;
		};
		C67001522A44FE0700530355 /* Build configuration list for PBXNativeTarget "CommonsTests" */ = {
			isa = XCConfigurationList;
			buildConfigurations = (
				C67001532A44FE0700530355 /* Debug */,
				C67001542A44FE0700530355 /* Release */,
			);
			defaultConfigurationIsVisible = 0;
			defaultConfigurationName = Release;
		};
/* End XCConfigurationList section */
	};
	rootObject = C67001322A44FE0700530355 /* Project object */;
}
